// !$*UTF8*$!
{
	archiveVersion = 1;
	classes = {
	};
	objectVersion = 50;
	objects = {

/* Begin PBXBuildFile section */
		F40B88E9265FF2770039D131 /* SecondVC.swift in Sources */ = {isa = PBXBuildFile; fileRef = F40B88E8265FF2770039D131 /* SecondVC.swift */; };
		F40B88EC266003B10039D131 /* ThirdVC.swift in Sources */ = {isa = PBXBuildFile; fileRef = F40B88EB266003B10039D131 /* ThirdVC.swift */; };
		F470339B2660BCE10090C973 /* FourthVC.swift in Sources */ = {isa = PBXBuildFile; fileRef = F470339A2660BCE00090C973 /* FourthVC.swift */; };
		F470339E26614AFC0090C973 /* FifthVC.swift in Sources */ = {isa = PBXBuildFile; fileRef = F470339D26614AFC0090C973 /* FifthVC.swift */; };
		F47033C8266249250090C973 /* HomeworkVC.swift in Sources */ = {isa = PBXBuildFile; fileRef = F47033C7266249250090C973 /* HomeworkVC.swift */; };
		F492315626580A52001B8360 /* AppDelegate.swift in Sources */ = {isa = PBXBuildFile; fileRef = F492315526580A52001B8360 /* AppDelegate.swift */; };
		F492315A26580A52001B8360 /* ViewController.swift in Sources */ = {isa = PBXBuildFile; fileRef = F492315926580A52001B8360 /* ViewController.swift */; };
		F492315F26580A55001B8360 /* Assets.xcassets in Resources */ = {isa = PBXBuildFile; fileRef = F492315E26580A55001B8360 /* Assets.xcassets */; };
		F492316226580A55001B8360 /* LaunchScreen.storyboard in Resources */ = {isa = PBXBuildFile; fileRef = F492316026580A55001B8360 /* LaunchScreen.storyboard */; };
/* End PBXBuildFile section */

/* Begin PBXFileReference section */
		F40B88E8265FF2770039D131 /* SecondVC.swift */ = {isa = PBXFileReference; lastKnownFileType = sourcecode.swift; path = SecondVC.swift; sourceTree = "<group>"; };
		F40B88EB266003B10039D131 /* ThirdVC.swift */ = {isa = PBXFileReference; lastKnownFileType = sourcecode.swift; path = ThirdVC.swift; sourceTree = "<group>"; };
		F470339A2660BCE00090C973 /* FourthVC.swift */ = {isa = PBXFileReference; lastKnownFileType = sourcecode.swift; path = FourthVC.swift; sourceTree = "<group>"; };
		F470339D26614AFC0090C973 /* FifthVC.swift */ = {isa = PBXFileReference; lastKnownFileType = sourcecode.swift; path = FifthVC.swift; sourceTree = "<group>"; };
		F47033C7266249250090C973 /* HomeworkVC.swift */ = {isa = PBXFileReference; lastKnownFileType = sourcecode.swift; path = HomeworkVC.swift; sourceTree = "<group>"; };
		F492315226580A52001B8360 /* Lesson13Animation.app */ = {isa = PBXFileReference; explicitFileType = wrapper.application; includeInIndex = 0; path = Lesson13Animation.app; sourceTree = BUILT_PRODUCTS_DIR; };
		F492315526580A52001B8360 /* AppDelegate.swift */ = {isa = PBXFileReference; lastKnownFileType = sourcecode.swift; path = AppDelegate.swift; sourceTree = "<group>"; };
		F492315926580A52001B8360 /* ViewController.swift */ = {isa = PBXFileReference; lastKnownFileType = sourcecode.swift; path = ViewController.swift; sourceTree = "<group>"; };
		F492315E26580A55001B8360 /* Assets.xcassets */ = {isa = PBXFileReference; lastKnownFileType = folder.assetcatalog; path = Assets.xcassets; sourceTree = "<group>"; };
		F492316126580A55001B8360 /* Base */ = {isa = PBXFileReference; lastKnownFileType = file.storyboard; name = Base; path = Base.lproj/LaunchScreen.storyboard; sourceTree = "<group>"; };
		F492316326580A55001B8360 /* Info.plist */ = {isa = PBXFileReference; lastKnownFileType = text.plist.xml; path = Info.plist; sourceTree = "<group>"; };
/* End PBXFileReference section */

/* Begin PBXFrameworksBuildPhase section */
		F492314F26580A52001B8360 /* Frameworks */ = {
			isa = PBXFrameworksBuildPhase;
			buildActionMask = 2147483647;
			files = (
			);
			runOnlyForDeploymentPostprocessing = 0;
		};
/* End PBXFrameworksBuildPhase section */

/* Begin PBXGroup section */
		F492314926580A52001B8360 = {
			isa = PBXGroup;
			children = (
				F492315426580A52001B8360 /* Lesson13Animation */,
				F492315326580A52001B8360 /* Products */,
			);
			sourceTree = "<group>";
		};
		F492315326580A52001B8360 /* Products */ = {
			isa = PBXGroup;
			children = (
				F492315226580A52001B8360 /* Lesson13Animation.app */,
			);
			name = Products;
			sourceTree = "<group>";
		};
		F492315426580A52001B8360 /* Lesson13Animation */ = {
			isa = PBXGroup;
			children = (
				F492315526580A52001B8360 /* AppDelegate.swift */,
				F492315926580A52001B8360 /* ViewController.swift */,
				F40B88E8265FF2770039D131 /* SecondVC.swift */,
				F40B88EB266003B10039D131 /* ThirdVC.swift */,
				F470339A2660BCE00090C973 /* FourthVC.swift */,
				F470339D26614AFC0090C973 /* FifthVC.swift */,
				F47033C7266249250090C973 /* HomeworkVC.swift */,
				F492315E26580A55001B8360 /* Assets.xcassets */,
				F492316026580A55001B8360 /* LaunchScreen.storyboard */,
				F492316326580A55001B8360 /* Info.plist */,
			);
			path = Lesson13Animation;
			sourceTree = "<group>";
		};
/* End PBXGroup section */

/* Begin PBXNativeTarget section */
		F492315126580A52001B8360 /* Lesson13Animation */ = {
			isa = PBXNativeTarget;
			buildConfigurationList = F492316626580A55001B8360 /* Build configuration list for PBXNativeTarget "Lesson13Animation" */;
			buildPhases = (
				F492314E26580A52001B8360 /* Sources */,
				F492314F26580A52001B8360 /* Frameworks */,
				F492315026580A52001B8360 /* Resources */,
			);
			buildRules = (
			);
			dependencies = (
			);
			name = Lesson13Animation;
			productName = Lesson13Animation;
			productReference = F492315226580A52001B8360 /* Lesson13Animation.app */;
			productType = "com.apple.product-type.application";
		};
/* End PBXNativeTarget section */

/* Begin PBXProject section */
		F492314A26580A52001B8360 /* Project object */ = {
			isa = PBXProject;
			attributes = {
				LastSwiftUpdateCheck = 1240;
				LastUpgradeCheck = 1240;
				TargetAttributes = {
					F492315126580A52001B8360 = {
						CreatedOnToolsVersion = 12.4;
					};
				};
			};
			buildConfigurationList = F492314D26580A52001B8360 /* Build configuration list for PBXProject "Lesson13Animation" */;
			compatibilityVersion = "Xcode 9.3";
			developmentRegion = en;
			hasScannedForEncodings = 0;
			knownRegions = (
				en,
				Base,
			);
			mainGroup = F492314926580A52001B8360;
			productRefGroup = F492315326580A52001B8360 /* Products */;
			projectDirPath = "";
			projectRoot = "";
			targets = (
				F492315126580A52001B8360 /* Lesson13Animation */,
			);
		};
/* End PBXProject section */

/* Begin PBXResourcesBuildPhase section */
		F492315026580A52001B8360 /* Resources */ = {
			isa = PBXResourcesBuildPhase;
			buildActionMask = 2147483647;
			files = (
				F492316226580A55001B8360 /* LaunchScreen.storyboard in Resources */,
				F492315F26580A55001B8360 /* Assets.xcassets in Resources */,
			);
			runOnlyForDeploymentPostprocessing = 0;
		};
/* End PBXResourcesBuildPhase section */

/* Begin PBXSourcesBuildPhase section */
		F492314E26580A52001B8360 /* Sources */ = {
			isa = PBXSourcesBuildPhase;
			buildActionMask = 2147483647;
			files = (
				F470339B2660BCE10090C973 /* FourthVC.swift in Sources */,
				F40B88EC266003B10039D131 /* ThirdVC.swift in Sources */,
				F470339E26614AFC0090C973 /* FifthVC.swift in Sources */,
				F47033C8266249250090C973 /* HomeworkVC.swift in Sources */,
				F492315A26580A52001B8360 /* ViewController.swift in Sources */,
				F40B88E9265FF2770039D131 /* SecondVC.swift in Sources */,
				F492315626580A52001B8360 /* AppDelegate.swift in Sources */,
			);
			runOnlyForDeploymentPostprocessing = 0;
		};
/* End PBXSourcesBuildPhase section */

/* Begin PBXVariantGroup section */
		F492316026580A55001B8360 /* LaunchScreen.storyboard */ = {
			isa = PBXVariantGroup;
			children = (
				F492316126580A55001B8360 /* Base */,
			);
			name = LaunchScreen.storyboard;
			sourceTree = "<group>";
		};
/* End PBXVariantGroup section */

/* Begin XCBuildConfiguration section */
		F492316426580A55001B8360 /* Debug */ = {
			isa = XCBuildConfiguration;
			buildSettings = {
				ALWAYS_SEARCH_USER_PATHS = NO;
				CLANG_ANALYZER_NONNULL = YES;
				CLANG_ANALYZER_NUMBER_OBJECT_CONVERSION = YES_AGGRESSIVE;
				CLANG_CXX_LANGUAGE_STANDARD = "gnu++14";
				CLANG_CXX_LIBRARY = "libc++";
				CLANG_ENABLE_MODULES = YES;
				CLANG_ENABLE_OBJC_ARC = YES;
				CLANG_ENABLE_OBJC_WEAK = YES;
				CLANG_WARN_BLOCK_CAPTURE_AUTORELEASING = YES;
				CLANG_WARN_BOOL_CONVERSION = YES;
				CLANG_WARN_COMMA = YES;
				CLANG_WARN_CONSTANT_CONVERSION = YES;
				CLANG_WARN_DEPRECATED_OBJC_IMPLEMENTATIONS = YES;
				CLANG_WARN_DIRECT_OBJC_ISA_USAGE = YES_ERROR;
				CLANG_WARN_DOCUMENTATION_COMMENTS = YES;
				CLANG_WARN_EMPTY_BODY = YES;
				CLANG_WARN_ENUM_CONVERSION = YES;
				CLANG_WARN_INFINITE_RECURSION = YES;
				CLANG_WARN_INT_CONVERSION = YES;
				CLANG_WARN_NON_LITERAL_NULL_CONVERSION = YES;
				CLANG_WARN_OBJC_IMPLICIT_RETAIN_SELF = YES;
				CLANG_WARN_OBJC_LITERAL_CONVERSION = YES;
				CLANG_WARN_OBJC_ROOT_CLASS = YES_ERROR;
				CLANG_WARN_QUOTED_INCLUDE_IN_FRAMEWORK_HEADER = YES;
				CLANG_WARN_RANGE_LOOP_ANALYSIS = YES;
				CLANG_WARN_STRICT_PROTOTYPES = YES;
				CLANG_WARN_SUSPICIOUS_MOVE = YES;
				CLANG_WARN_UNGUARDED_AVAILABILITY = YES_AGGRESSIVE;
				CLANG_WARN_UNREACHABLE_CODE = YES;
				CLANG_WARN__DUPLICATE_METHOD_MATCH = YES;
				COPY_PHASE_STRIP = NO;
				DEBUG_INFORMATION_FORMAT = dwarf;
				ENABLE_STRICT_OBJC_MSGSEND = YES;
				ENABLE_TESTABILITY = YES;
				GCC_C_LANGUAGE_STANDARD = gnu11;
				GCC_DYNAMIC_NO_PIC = NO;
				GCC_NO_COMMON_BLOCKS = YES;
				GCC_OPTIMIZATION_LEVEL = 0;
				GCC_PREPROCESSOR_DEFINITIONS = (
					"DEBUG=1",
					"$(inherited)",
				);
				GCC_WARN_64_TO_32_BIT_CONVERSION = YES;
				GCC_WARN_ABOUT_RETURN_TYPE = YES_ERROR;
				GCC_WARN_UNDECLARED_SELECTOR = YES;
				GCC_WARN_UNINITIALIZED_AUTOS = YES_AGGRESSIVE;
				GCC_WARN_UNUSED_FUNCTION = YES;
				GCC_WARN_UNUSED_VARIABLE = YES;
				IPHONEOS_DEPLOYMENT_TARGET = 14.4;
				MTL_ENABLE_DEBUG_INFO = INCLUDE_SOURCE;
				MTL_FAST_MATH = YES;
				ONLY_ACTIVE_ARCH = YES;
				SDKROOT = iphoneos;
				SWIFT_ACTIVE_COMPILATION_CONDITIONS = DEBUG;
				SWIFT_OPTIMIZATION_LEVEL = "-Onone";
			};
			name = Debug;
		};
		F492316526580A55001B8360 /* Release */ = {
			isa = XCBuildConfiguration;
			buildSettings = {
				ALWAYS_SEARCH_USER_PATHS = NO;
				CLANG_ANALYZER_NONNULL = YES;
				CLANG_ANALYZER_NUMBER_OBJECT_CONVERSION = YES_AGGRESSIVE;
				CLANG_CXX_LANGUAGE_STANDARD = "gnu++14";
				CLANG_CXX_LIBRARY = "libc++";
				CLANG_ENABLE_MODULES = YES;
				CLANG_ENABLE_OBJC_ARC = YES;
				CLANG_ENABLE_OBJC_WEAK = YES;
				CLANG_WARN_BLOCK_CAPTURE_AUTORELEASING = YES;
				CLANG_WARN_BOOL_CONVERSION = YES;
				CLANG_WARN_COMMA = YES;
				CLANG_WARN_CONSTANT_CONVERSION = YES;
				CLANG_WARN_DEPRECATED_OBJC_IMPLEMENTATIONS = YES;
				CLANG_WARN_DIRECT_OBJC_ISA_USAGE = YES_ERROR;
				CLANG_WARN_DOCUMENTATION_COMMENTS = YES;
				CLANG_WARN_EMPTY_BODY = YES;
				CLANG_WARN_ENUM_CONVERSION = YES;
				CLANG_WARN_INFINITE_RECURSION = YES;
				CLANG_WARN_INT_CONVERSION = YES;
				CLANG_WARN_NON_LITERAL_NULL_CONVERSION = YES;
				CLANG_WARN_OBJC_IMPLICIT_RETAIN_SELF = YES;
				CLANG_WARN_OBJC_LITERAL_CONVERSION = YES;
				CLANG_WARN_OBJC_ROOT_CLASS = YES_ERROR;
				CLANG_WARN_QUOTED_INCLUDE_IN_FRAMEWORK_HEADER = YES;
				CLANG_WARN_RANGE_LOOP_ANALYSIS = YES;
				CLANG_WARN_STRICT_PROTOTYPES = YES;
				CLANG_WARN_SUSPICIOUS_MOVE = YES;
				CLANG_WARN_UNGUARDED_AVAILABILITY = YES_AGGRESSIVE;
				CLANG_WARN_UNREACHABLE_CODE = YES;
				CLANG_WARN__DUPLICATE_METHOD_MATCH = YES;
				COPY_PHASE_STRIP = NO;
				DEBUG_INFORMATION_FORMAT = "dwarf-with-dsym";
				ENABLE_NS_ASSERTIONS = NO;
				ENABLE_STRICT_OBJC_MSGSEND = YES;
				GCC_C_LANGUAGE_STANDARD = gnu11;
				GCC_NO_COMMON_BLOCKS = YES;
				GCC_WARN_64_TO_32_BIT_CONVERSION = YES;
				GCC_WARN_ABOUT_RETURN_TYPE = YES_ERROR;
				GCC_WARN_UNDECLARED_SELECTOR = YES;
				GCC_WARN_UNINITIALIZED_AUTOS = YES_AGGRESSIVE;
				GCC_WARN_UNUSED_FUNCTION = YES;
				GCC_WARN_UNUSED_VARIABLE = YES;
				IPHONEOS_DEPLOYMENT_TARGET = 14.4;
				MTL_ENABLE_DEBUG_INFO = NO;
				MTL_FAST_MATH = YES;
				SDKROOT = iphoneos;
				SWIFT_COMPILATION_MODE = wholemodule;
				SWIFT_OPTIMIZATION_LEVEL = "-O";
				VALIDATE_PRODUCT = YES;
			};
			name = Release;
		};
		F492316726580A55001B8360 /* Debug */ = {
			isa = XCBuildConfiguration;
			buildSettings = {
				ASSETCATALOG_COMPILER_APPICON_NAME = AppIcon;
				ASSETCATALOG_COMPILER_GLOBAL_ACCENT_COLOR_NAME = AccentColor;
				CODE_SIGN_STYLE = Automatic;
				DEVELOPMENT_TEAM = 7VP773YHFP;
				INFOPLIST_FILE = Lesson13Animation/Info.plist;
				IPHONEOS_DEPLOYMENT_TARGET = 13.0;
				LD_RUNPATH_SEARCH_PATHS = (
					"$(inherited)",
					"@executable_path/Frameworks",
				);
				PRODUCT_BUNDLE_IDENTIFIER = "gmail.com-pete.blinov.Lesson13Animation";
				PRODUCT_NAME = "$(TARGET_NAME)";
				SWIFT_VERSION = 5.0;
				TARGETED_DEVICE_FAMILY = "1,2";
			};
			name = Debug;
		};
		F492316826580A55001B8360 /* Release */ = {
			isa = XCBuildConfiguration;
			buildSettings = {
				ASSETCATALOG_COMPILER_APPICON_NAME = AppIcon;
				ASSETCATALOG_COMPILER_GLOBAL_ACCENT_COLOR_NAME = AccentColor;
				CODE_SIGN_STYLE = Automatic;
				DEVELOPMENT_TEAM = 7VP773YHFP;
				INFOPLIST_FILE = Lesson13Animation/Info.plist;
				IPHONEOS_DEPLOYMENT_TARGET = 13.0;
				LD_RUNPATH_SEARCH_PATHS = (
					"$(inherited)",
					"@executable_path/Frameworks",
				);
				PRODUCT_BUNDLE_IDENTIFIER = "gmail.com-pete.blinov.Lesson13Animation";
				PRODUCT_NAME = "$(TARGET_NAME)";
				SWIFT_VERSION = 5.0;
				TARGETED_DEVICE_FAMILY = "1,2";
			};
			name = Release;
		};
/* End XCBuildConfiguration section */

/* Begin XCConfigurationList section */
		F492314D26580A52001B8360 /* Build configuration list for PBXProject "Lesson13Animation" */ = {
			isa = XCConfigurationList;
			buildConfigurations = (
				F492316426580A55001B8360 /* Debug */,
				F492316526580A55001B8360 /* Release */,
			);
			defaultConfigurationIsVisible = 0;
			defaultConfigurationName = Release;
		};
		F492316626580A55001B8360 /* Build configuration list for PBXNativeTarget "Lesson13Animation" */ = {
			isa = XCConfigurationList;
			buildConfigurations = (
				F492316726580A55001B8360 /* Debug */,
				F492316826580A55001B8360 /* Release */,
			);
			defaultConfigurationIsVisible = 0;
			defaultConfigurationName = Release;
		};
/* End XCConfigurationList section */
	};
	rootObject = F492314A26580A52001B8360 /* Project object */;
}
